<?xml version="1.0" encoding="utf-8"?>
<Project ToolsVersion="4.0" xmlns="http://schemas.microsoft.com/developer/msbuild/2003">
  <ItemGroup>
    <Filter Include="Source Files">
      <UniqueIdentifier>{48e2fbdd-392a-48f5-8a70-3072fbfb301c}</UniqueIdentifier>
      <Extensions>cpp;c;cxx;rc;def;r;odl;idl;hpj;bat</Extensions>
    </Filter>
    <Filter Include="Header Files">
      <UniqueIdentifier>{78033cf5-b1ec-4736-ba8b-83d408a776e6}</UniqueIdentifier>
      <Extensions>h;hpp;hxx;hm;inl</Extensions>
    </Filter>
    <Filter Include="Resource Files">
      <UniqueIdentifier>{7362c94c-e842-4da2-b267-4ffefb18ecf2}</UniqueIdentifier>
      <Extensions>ico;cur;bmp;dlg;rc2;rct;bin;rgs;gif;jpg;jpeg;jpe</Extensions>
    </Filter>
  </ItemGroup>
  <ItemGroup>
    <ClCompile Include="MyAPI.cpp">
      <Filter>Source Files</Filter>
    </ClCompile>
    <ClCompile Include="MT4WebService_server.cpp">
      <Filter>Source Files</Filter>
    </ClCompile>
    <ClCompile Include="MT4WebService.cpp">
      <Filter>Source Files</Filter>
    </ClCompile>
    <ClCompile Include="MT4WebService_constants.cpp">
      <Filter>Source Files</Filter>
    </ClCompile>
    <ClCompile Include="MT4WebService_types.cpp">
      <Filter>Source Files</Filter>
    </ClCompile>
  </ItemGroup>
  <ItemGroup>
    <ClInclude Include="MT4ManagerAPI.h">
      <Filter>Header Files</Filter>
    </ClInclude>
    <ClInclude Include="MyAPI.h">
      <Filter>Header Files</Filter>
    </ClInclude>
    <ClInclude Include="MT4WebService.h">
      <Filter>Header Files</Filter>
    </ClInclude>
    <ClInclude Include="MT4WebService_constants.h">
      <Filter>Header Files</Filter>
    </ClInclude>
    <ClInclude Include="MT4WebService_types.h">
      <Filter>Header Files</Filter>
    </ClInclude>
  </ItemGroup>
</Project>